
Microsoft Visual Studio Solution File, Format Version 12.00
# Visual Studio Version 17
VisualStudioVersion = 17.4.33213.308
MinimumVisualStudioVersion = 10.0.40219.1
Project("{FAE04EC0-301F-11D3-BF4B-00C04F79EFBC}") = "Skyrim_Interpreter", "Skyrim_Interpreter\Skyrim_Interpreter.csproj", "{C06B058B-88C5-4EFF-811E-184855D528E3}"
EndProject
Global
	GlobalSection(SolutionConfigurationPlatforms) = preSolution
		Debug|Any CPU = Debug|Any CPU
		Release|Any CPU = Release|Any CPU
	EndGlobalSection
	GlobalSection(ProjectConfigurationPlatforms) = postSolution
		{C06B058B-88C5-4EFF-811E-184855D528E3}.Debug|Any CPU.ActiveCfg = Debug|Any CPU
		{C06B058B-88C5-4EFF-811E-184855D528E3}.Debug|Any CPU.Build.0 = Debug|Any CPU
		{C06B058B-88C5-4EFF-811E-184855D528E3}.Release|Any CPU.ActiveCfg = Release|Any CPU
		{C06B058B-88C5-4EFF-811E-184855D528E3}.Release|Any CPU.Build.0 = Release|Any CPU
	EndGlobalSection
	GlobalSection(SolutionProperties) = preSolution
		HideSolutionNode = FALSE
	EndGlobalSection
	GlobalSection(ExtensibilityGlobals) = postSolution
		SolutionGuid = {5BA265F4-2B66-44B1-B927-B9A8B3B1FA7E}
	EndGlobalSection
EndGlobal
